{
  "originHash" : "78f1a37a31ce92c9c6d5506bf85cb65ccf238bd41ba769ad3aaf38515b9b712a",
  "pins" : [
    {
      "identity" : "swift-argument-parser",
      "kind" : "remoteSourceControl",
      "location" : "https://github.com/apple/swift-argument-parser.git",
      "state" : {
        "revision" : "6a52f3251125d74daf04fcbd5e6f08a75d074382",
        "version" : "1.8.2"
      }
    },
    {
      "identity" : "swift-ros2",
      "kind" : "remoteSourceControl",
      "location" : "https://github.com/youtalk/swift-ros2.git",
      "state" : {
        "revision" : "e084ff4e475a87b65ba065682ddeb9c13984103f",
        "version" : "1.1.1"
      }
    },
    {
      "identity" : "swiftuijoystick",
      "kind" : "remoteSourceControl",
      "location" : "https://github.com/michael94ellis/SwiftUIJoystick.git",
      "state" : {
        "revision" : "5bd303cdafb369a70a45c902538b42dd3c5f4d65",
        "version" : "1.5.0"
      }
    }
  ],
  "version" : 3
}
