{
  "originHash" : "209a6bbed6787819bc81c5e00e843fa58c5aa90b0e852153d5631124ba3f7210",
  "pins" : [
    {
      "identity" : "swift-argument-parser",
      "kind" : "remoteSourceControl",
      "location" : "https://github.com/apple/swift-argument-parser.git",
      "state" : {
        "revision" : "6a52f3251125d74daf04fcbd5e6f08a75d074382",
        "version" : "1.8.2"
      }
    },
    {
      "identity" : "swift-ros2",
      "kind" : "remoteSourceControl",
      "location" : "https://github.com/youtalk/swift-ros2.git",
      "state" : {
        "revision" : "e084ff4e475a87b65ba065682ddeb9c13984103f",
        "version" : "1.1.1"
      }
    }
  ],
  "version" : 3
}
