// !$*UTF8*$!
{
	archiveVersion = 1;
	classes = {
	};
	objectVersion = 77;
	objects = {

/* Begin PBXBuildFile section */
		2A8F1DA02C0B000100000001 /* SwiftROS2 in Frameworks */ = {isa = PBXBuildFile; productRef = 2A8F1DAC2C0B000100000001 /* SwiftROS2 */; };
		2A8F1DA42C0B000100000001 /* ConnectionState.swift in Sources */ = {isa = PBXBuildFile; fileRef = 2A8F1DA32C0B000100000001 /* ConnectionState.swift */; };
		2A8F1DA62C0B000100000001 /* RobotTransport.swift in Sources */ = {isa = PBXBuildFile; fileRef = 2A8F1DA52C0B000100000001 /* RobotTransport.swift */; };
		2A8F1DAA2C0B000100000001 /* ConnectionViewModel.swift in Sources */ = {isa = PBXBuildFile; fileRef = 2A8F1DA92C0B000100000001 /* ConnectionViewModel.swift */; };
		2A8F1DB22C0B000100000001 /* SwiftROS2ZenohTransport.swift in Sources */ = {isa = PBXBuildFile; fileRef = 2A8F1DB12C0B000100000001 /* SwiftROS2ZenohTransport.swift */; };
		2A8F1DCA2C0B000200000001 /* CameraSensorViewModel.swift in Sources */ = {isa = PBXBuildFile; fileRef = 2A8F1DC92C0B000200000001 /* CameraSensorViewModel.swift */; };
		2A8F1DC42C0B000200000001 /* ARKitPreviewView.swift in Sources */ = {isa = PBXBuildFile; fileRef = 2A8F1DC32C0B000200000001 /* ARKitPreviewView.swift */; };
		2A8F1DC62C0B000200000001 /* ARKitSensorView.swift in Sources */ = {isa = PBXBuildFile; fileRef = 2A8F1DC52C0B000200000001 /* ARKitSensorView.swift */; };
		2A8F1DC82C0B000200000001 /* ARFrameExtractor.swift in Sources */ = {isa = PBXBuildFile; fileRef = 2A8F1DC72C0B000200000001 /* ARFrameExtractor.swift */; };
		2A8F1D8C2C0B000100000001 /* RoboSightApp.swift in Sources */ = {isa = PBXBuildFile; fileRef = 2A8F1D8B2C0B000100000001 /* RoboSightApp.swift */; };
		2A8F1D8E2C0B000100000001 /* ContentView.swift in Sources */ = {isa = PBXBuildFile; fileRef = 2A8F1D8D2C0B000100000001 /* ContentView.swift */; };
		2A8F1D902C0B000100000001 /* Assets.xcassets in Resources */ = {isa = PBXBuildFile; fileRef = 2A8F1D8F2C0B000100000001 /* Assets.xcassets */; };
/* End PBXBuildFile section */

/* Begin PBXFileReference section */
		2A8F1D862C0B000100000001 /* RoboSight.app */ = {isa = PBXFileReference; explicitFileType = wrapper.application; includeInIndex = 0; path = RoboSight.app; sourceTree = BUILT_PRODUCTS_DIR; };
		2A8F1D8B2C0B000100000001 /* RoboSightApp.swift */ = {isa = PBXFileReference; lastKnownFileType = sourcecode.swift; path = RoboSightApp.swift; sourceTree = "<group>"; };
		2A8F1D8D2C0B000100000001 /* ContentView.swift */ = {isa = PBXFileReference; lastKnownFileType = sourcecode.swift; path = ContentView.swift; sourceTree = "<group>"; };
		2A8F1D8F2C0B000100000001 /* Assets.xcassets */ = {isa = PBXFileReference; lastKnownFileType = folder.assetcatalog; path = Assets.xcassets; sourceTree = "<group>"; };
		2A8F1DA32C0B000100000001 /* ConnectionState.swift */ = {isa = PBXFileReference; lastKnownFileType = sourcecode.swift; path = ConnectionState.swift; sourceTree = "<group>"; };
		2A8F1DA52C0B000100000001 /* RobotTransport.swift */ = {isa = PBXFileReference; lastKnownFileType = sourcecode.swift; path = RobotTransport.swift; sourceTree = "<group>"; };
		2A8F1DA92C0B000100000001 /* ConnectionViewModel.swift */ = {isa = PBXFileReference; lastKnownFileType = sourcecode.swift; path = ConnectionViewModel.swift; sourceTree = "<group>"; };
		2A8F1DB12C0B000100000001 /* SwiftROS2ZenohTransport.swift */ = {isa = PBXFileReference; lastKnownFileType = sourcecode.swift; path = SwiftROS2ZenohTransport.swift; sourceTree = "<group>"; };
		2A8F1DC92C0B000200000001 /* CameraSensorViewModel.swift */ = {isa = PBXFileReference; lastKnownFileType = sourcecode.swift; path = CameraSensorViewModel.swift; sourceTree = "<group>"; };
		2A8F1DC32C0B000200000001 /* ARKitPreviewView.swift */ = {isa = PBXFileReference; lastKnownFileType = sourcecode.swift; path = ARKitPreviewView.swift; sourceTree = "<group>"; };
		2A8F1DC52C0B000200000001 /* ARKitSensorView.swift */ = {isa = PBXFileReference; lastKnownFileType = sourcecode.swift; path = ARKitSensorView.swift; sourceTree = "<group>"; };
		2A8F1DC72C0B000200000001 /* ARFrameExtractor.swift */ = {isa = PBXFileReference; lastKnownFileType = sourcecode.swift; path = ARFrameExtractor.swift; sourceTree = "<group>"; };
/* End PBXFileReference section */

/* Begin PBXFrameworksBuildPhase section */
		2A8F1D832C0B000100000001 /* Frameworks */ = {
			isa = PBXFrameworksBuildPhase;
			buildActionMask = 2147483647;
			files = (
				2A8F1DA02C0B000100000001 /* SwiftROS2 in Frameworks */,
			);
			runOnlyForDeploymentPostprocessing = 0;
		};
/* End PBXFrameworksBuildPhase section */

/* Begin PBXGroup section */
		2A8F1D7D2C0B000100000001 = {
			isa = PBXGroup;
			children = (
				2A8F1D882C0B000100000001 /* RoboSight */,
				2A8F1D872C0B000100000001 /* Products */,
			);
			sourceTree = "<group>";
		};
		2A8F1D872C0B000100000001 /* Products */ = {
			isa = PBXGroup;
			children = (
				2A8F1D862C0B000100000001 /* RoboSight.app */,
			);
			name = Products;
			sourceTree = "<group>";
		};
		2A8F1D882C0B000100000001 /* RoboSight */ = {
			isa = PBXGroup;
			children = (
				2A8F1D8B2C0B000100000001 /* RoboSightApp.swift */,
				2A8F1D8D2C0B000100000001 /* ContentView.swift */,
				2A8F1DA12C0B000100000001 /* Connection */,
				2A8F1DC02C0B000200000001 /* Sensors */,
				2A8F1D8F2C0B000100000001 /* Assets.xcassets */,
			);
			path = RoboSight;
			sourceTree = "<group>";
		};
		2A8F1DA12C0B000100000001 /* Connection */ = {
			isa = PBXGroup;
			children = (
				2A8F1DA32C0B000100000001 /* ConnectionState.swift */,
				2A8F1DA52C0B000100000001 /* RobotTransport.swift */,
				2A8F1DB12C0B000100000001 /* SwiftROS2ZenohTransport.swift */,
				2A8F1DA92C0B000100000001 /* ConnectionViewModel.swift */,
			);
			path = Connection;
			sourceTree = "<group>";
		};
		2A8F1DC02C0B000200000001 /* Sensors */ = {
			isa = PBXGroup;
			children = (
				2A8F1DC92C0B000200000001 /* CameraSensorViewModel.swift */,
				2A8F1DC12C0B000200000001 /* ARKit */,
			);
			path = Sensors;
			sourceTree = "<group>";
		};
		2A8F1DC12C0B000200000001 /* ARKit */ = {
			isa = PBXGroup;
			children = (
				2A8F1DC32C0B000200000001 /* ARKitPreviewView.swift */,
				2A8F1DC52C0B000200000001 /* ARKitSensorView.swift */,
				2A8F1DC72C0B000200000001 /* ARFrameExtractor.swift */,
			);
			path = ARKit;
			sourceTree = "<group>";
		};
/* End PBXGroup section */

/* Begin PBXNativeTarget section */
		2A8F1D852C0B000100000001 /* RoboSight */ = {
			isa = PBXNativeTarget;
			buildConfigurationList = 2A8F1D912C0B000100000001 /* Build configuration list for PBXNativeTarget "RoboSight" */;
			buildPhases = (
				2A8F1D822C0B000100000001 /* Sources */,
				2A8F1D832C0B000100000001 /* Frameworks */,
				2A8F1D842C0B000100000001 /* Resources */,
			);
			buildRules = (
			);
			dependencies = (
			);
			name = RoboSight;
			packageProductDependencies = (
				2A8F1DAC2C0B000100000001 /* SwiftROS2 */,
			);
			productName = RoboSight;
			productReference = 2A8F1D862C0B000100000001 /* RoboSight.app */;
			productType = "com.apple.product-type.application";
		};
/* End PBXNativeTarget section */

/* Begin PBXProject section */
		2A8F1D7E2C0B000100000001 /* Project object */ = {
			isa = PBXProject;
			attributes = {
				BuildIndependentTargetsInParallel = 1;
				LastSwiftUpdateCheck = 1640;
				LastUpgradeCheck = 1640;
				TargetAttributes = {
					2A8F1D852C0B000100000001 = {
						CreatedOnToolsVersion = 16.4;
						DevelopmentTeam = 92HC8QB62Z;
					};
				};
			};
			buildConfigurationList = 2A8F1D812C0B000100000001 /* Build configuration list for PBXProject "RoboSight" */;
			compatibilityVersion = "Xcode 15.0";
			developmentRegion = en;
			hasScannedForEncodings = 0;
			knownRegions = (
				en,
				Base,
			);
			mainGroup = 2A8F1D7D2C0B000100000001;
			minimizedProjectReferenceProxies = 1;
			packageReferences = (
				2A8F1DAB2C0B000100000001 /* XCRemoteSwiftPackageReference "swift-ros2" */,
			);
			preferredProjectObjectVersion = 77;
			productRefGroup = 2A8F1D872C0B000100000001 /* Products */;
			projectDirPath = "";
			projectRoot = "";
			targets = (
				2A8F1D852C0B000100000001 /* RoboSight */,
			);
		};
/* End PBXProject section */

/* Begin PBXResourcesBuildPhase section */
		2A8F1D842C0B000100000001 /* Resources */ = {
			isa = PBXResourcesBuildPhase;
			buildActionMask = 2147483647;
			files = (
				2A8F1D902C0B000100000001 /* Assets.xcassets in Resources */,
			);
			runOnlyForDeploymentPostprocessing = 0;
		};
/* End PBXResourcesBuildPhase section */

/* Begin PBXSourcesBuildPhase section */
		2A8F1D822C0B000100000001 /* Sources */ = {
			isa = PBXSourcesBuildPhase;
			buildActionMask = 2147483647;
			files = (
				2A8F1DA42C0B000100000001 /* ConnectionState.swift in Sources */,
				2A8F1DA62C0B000100000001 /* RobotTransport.swift in Sources */,
				2A8F1DB22C0B000100000001 /* SwiftROS2ZenohTransport.swift in Sources */,
				2A8F1DAA2C0B000100000001 /* ConnectionViewModel.swift in Sources */,
				2A8F1DC42C0B000200000001 /* ARKitPreviewView.swift in Sources */,
				2A8F1DC62C0B000200000001 /* ARKitSensorView.swift in Sources */,
				2A8F1DC82C0B000200000001 /* ARFrameExtractor.swift in Sources */,
				2A8F1DCA2C0B000200000001 /* CameraSensorViewModel.swift in Sources */,
				2A8F1D8C2C0B000100000001 /* RoboSightApp.swift in Sources */,
				2A8F1D8E2C0B000100000001 /* ContentView.swift in Sources */,
			);
			runOnlyForDeploymentPostprocessing = 0;
		};
/* End PBXSourcesBuildPhase section */

/* Begin XCBuildConfiguration section */
		2A8F1D922C0B000100000001 /* Debug */ = {
			isa = XCBuildConfiguration;
			buildSettings = {
				ALWAYS_SEARCH_USER_PATHS = NO;
				ASSETCATALOG_COMPILER_GENERATE_SWIFT_ASSET_SYMBOL_EXTENSIONS = YES;
				CLANG_ANALYZER_NONNULL = YES;
				CLANG_ANALYZER_NUMBER_OBJECT_CONVERSION = YES_AGGRESSIVE;
				CLANG_CXX_LANGUAGE_STANDARD = "gnu++20";
				CLANG_ENABLE_MODULES = YES;
				CLANG_ENABLE_OBJC_ARC = YES;
				CLANG_ENABLE_OBJC_WEAK = YES;
				CLANG_WARN_BLOCK_CAPTURE_AUTORELEASING = YES;
				CLANG_WARN_BOOL_CONVERSION = YES;
				CLANG_WARN_COMMA = YES;
				CLANG_WARN_CONSTANT_CONVERSION = YES;
				CLANG_WARN_DEPRECATED_OBJC_IMPLEMENTATIONS = YES;
				CLANG_WARN_DIRECT_OBJC_ISA_USAGE = YES_ERROR;
				CLANG_WARN_DOCUMENTATION_COMMENTS = YES;
				CLANG_WARN_EMPTY_BODY = YES;
				CLANG_WARN_ENUM_CONVERSION = YES;
				CLANG_WARN_INFINITE_RECURSION = YES;
				CLANG_WARN_INT_CONVERSION = YES;
				CLANG_WARN_NON_LITERAL_NULL_CONVERSION = YES;
				CLANG_WARN_OBJC_IMPLICIT_RETAIN_SELF = YES;
				CLANG_WARN_OBJC_LITERAL_CONVERSION = YES;
				CLANG_WARN_OBJC_ROOT_CLASS = YES_ERROR;
				CLANG_WARN_QUOTED_INCLUDE_IN_FRAMEWORK_HEADER = YES;
				CLANG_WARN_RANGE_LOOP_ANALYSIS = YES;
				CLANG_WARN_STRICT_PROTOTYPES = YES;
				CLANG_WARN_SUSPICIOUS_MOVE = YES;
				CLANG_WARN_UNGUARDED_AVAILABILITY = YES_AGGRESSIVE;
				CLANG_WARN_UNREACHABLE_CODE = YES;
				CLANG_WARN__DUPLICATE_METHOD_MATCH = YES;
				COPY_PHASE_STRIP = NO;
				DEBUG_INFORMATION_FORMAT = dwarf;
				ENABLE_STRICT_OBJC_MSGSEND = YES;
				ENABLE_TESTABILITY = YES;
				ENABLE_USER_SCRIPT_SANDBOXING = YES;
				GCC_C_LANGUAGE_STANDARD = gnu17;
				GCC_DYNAMIC_NO_PIC = NO;
				GCC_NO_COMMON_BLOCKS = YES;
				GCC_OPTIMIZATION_LEVEL = 0;
				GCC_PREPROCESSOR_DEFINITIONS = (
					"DEBUG=1",
					"$(inherited)",
				);
				GCC_WARN_64_TO_32_BIT_CONVERSION = YES;
				GCC_WARN_ABOUT_RETURN_TYPE = YES_ERROR;
				GCC_WARN_UNDECLARED_SELECTOR = YES;
				GCC_WARN_UNINITIALIZED_AUTOS = YES_AGGRESSIVE;
				GCC_WARN_UNUSED_FUNCTION = YES;
				GCC_WARN_UNUSED_VARIABLE = YES;
				IPHONEOS_DEPLOYMENT_TARGET = 16.0;
				LOCALIZATION_PREFERS_STRING_CATALOGS = YES;
				MTL_ENABLE_DEBUG_INFO = INCLUDE_SOURCE;
				MTL_FAST_MATH = YES;
				ONLY_ACTIVE_ARCH = YES;
				SDKROOT = iphoneos;
				SWIFT_ACTIVE_COMPILATION_CONDITIONS = "DEBUG $(inherited)";
				SWIFT_OPTIMIZATION_LEVEL = "-Onone";
			};
			name = Debug;
		};
		2A8F1D932C0B000100000001 /* Release */ = {
			isa = XCBuildConfiguration;
			buildSettings = {
				ALWAYS_SEARCH_USER_PATHS = NO;
				ASSETCATALOG_COMPILER_GENERATE_SWIFT_ASSET_SYMBOL_EXTENSIONS = YES;
				CLANG_ANALYZER_NONNULL = YES;
				CLANG_ANALYZER_NUMBER_OBJECT_CONVERSION = YES_AGGRESSIVE;
				CLANG_CXX_LANGUAGE_STANDARD = "gnu++20";
				CLANG_ENABLE_MODULES = YES;
				CLANG_ENABLE_OBJC_ARC = YES;
				CLANG_ENABLE_OBJC_WEAK = YES;
				CLANG_WARN_BLOCK_CAPTURE_AUTORELEASING = YES;
				CLANG_WARN_BOOL_CONVERSION = YES;
				CLANG_WARN_COMMA = YES;
				CLANG_WARN_CONSTANT_CONVERSION = YES;
				CLANG_WARN_DEPRECATED_OBJC_IMPLEMENTATIONS = YES;
				CLANG_WARN_DIRECT_OBJC_ISA_USAGE = YES_ERROR;
				CLANG_WARN_DOCUMENTATION_COMMENTS = YES;
				CLANG_WARN_EMPTY_BODY = YES;
				CLANG_WARN_ENUM_CONVERSION = YES;
				CLANG_WARN_INFINITE_RECURSION = YES;
				CLANG_WARN_INT_CONVERSION = YES;
				CLANG_WARN_NON_LITERAL_NULL_CONVERSION = YES;
				CLANG_WARN_OBJC_IMPLICIT_RETAIN_SELF = YES;
				CLANG_WARN_OBJC_LITERAL_CONVERSION = YES;
				CLANG_WARN_OBJC_ROOT_CLASS = YES_ERROR;
				CLANG_WARN_QUOTED_INCLUDE_IN_FRAMEWORK_HEADER = YES;
				CLANG_WARN_RANGE_LOOP_ANALYSIS = YES;
				CLANG_WARN_STRICT_PROTOTYPES = YES;
				CLANG_WARN_SUSPICIOUS_MOVE = YES;
				CLANG_WARN_UNGUARDED_AVAILABILITY = YES_AGGRESSIVE;
				CLANG_WARN_UNREACHABLE_CODE = YES;
				CLANG_WARN__DUPLICATE_METHOD_MATCH = YES;
				COPY_PHASE_STRIP = NO;
				DEBUG_INFORMATION_FORMAT = "dwarf-with-dsym";
				ENABLE_NS_ASSERTIONS = NO;
				ENABLE_STRICT_OBJC_MSGSEND = YES;
				ENABLE_USER_SCRIPT_SANDBOXING = YES;
				GCC_C_LANGUAGE_STANDARD = gnu17;
				GCC_NO_COMMON_BLOCKS = YES;
				GCC_WARN_64_TO_32_BIT_CONVERSION = YES;
				GCC_WARN_ABOUT_RETURN_TYPE = YES_ERROR;
				GCC_WARN_UNDECLARED_SELECTOR = YES;
				GCC_WARN_UNINITIALIZED_AUTOS = YES_AGGRESSIVE;
				GCC_WARN_UNUSED_FUNCTION = YES;
				GCC_WARN_UNUSED_VARIABLE = YES;
				IPHONEOS_DEPLOYMENT_TARGET = 16.0;
				LOCALIZATION_PREFERS_STRING_CATALOGS = YES;
				MTL_ENABLE_DEBUG_INFO = NO;
				MTL_FAST_MATH = YES;
				SDKROOT = iphoneos;
				SWIFT_COMPILATION_MODE = wholemodule;
				VALIDATE_PRODUCT = YES;
			};
			name = Release;
		};
		2A8F1D942C0B000100000001 /* Debug */ = {
			isa = XCBuildConfiguration;
			buildSettings = {
				ASSETCATALOG_COMPILER_GLOBAL_ACCENT_COLOR_NAME = AccentColor;
				CODE_SIGN_IDENTITY = "Apple Development";
				CODE_SIGN_STYLE = Automatic;
				CURRENT_PROJECT_VERSION = 1;
				DEVELOPMENT_ASSET_PATHS = "";
				DEVELOPMENT_TEAM = 92HC8QB62Z;
				GENERATE_INFOPLIST_FILE = YES;
				INFOPLIST_KEY_CFBundleDisplayName = RoboSight;
				INFOPLIST_KEY_LSApplicationCategoryType = "public.app-category.utilities";
				INFOPLIST_KEY_NSLocalNetworkUsageDescription = "RoboSight connects to ROS 2 over the local network.";
				INFOPLIST_KEY_NSCameraUsageDescription = "RoboSight uses the device camera and LiDAR through ARKit for sensor streaming.";
				INFOPLIST_KEY_UIApplicationSceneManifest_Generation = YES;
				INFOPLIST_KEY_UIApplicationSupportsIndirectInputEvents = YES;
				INFOPLIST_KEY_UILaunchScreen_Generation = YES;
				INFOPLIST_KEY_UISupportedInterfaceOrientations = "UIInterfaceOrientationPortrait UIInterfaceOrientationLandscapeLeft UIInterfaceOrientationLandscapeRight";
				INFOPLIST_KEY_UISupportedInterfaceOrientations_iPad = "UIInterfaceOrientationPortrait UIInterfaceOrientationPortraitUpsideDown UIInterfaceOrientationLandscapeLeft UIInterfaceOrientationLandscapeRight";
				IPHONEOS_DEPLOYMENT_TARGET = 16.0;
				LD_RUNPATH_SEARCH_PATHS = (
					"$(inherited)",
					"@executable_path/Frameworks",
				);
				MARKETING_VERSION = 1.0;
				PRODUCT_BUNDLE_IDENTIFIER = com.avery.robosight;
				PRODUCT_NAME = "$(TARGET_NAME)";
				SUPPORTED_PLATFORMS = "iphoneos iphonesimulator";
				SUPPORTS_MACCATALYST = NO;
				SUPPORTS_MAC_DESIGNED_FOR_IPHONE_IPAD = NO;
				SWIFT_EMIT_LOC_STRINGS = YES;
				SWIFT_VERSION = 5.0;
				TARGETED_DEVICE_FAMILY = "1,2";
			};
			name = Debug;
		};
		2A8F1D952C0B000100000001 /* Release */ = {
			isa = XCBuildConfiguration;
			buildSettings = {
				ASSETCATALOG_COMPILER_GLOBAL_ACCENT_COLOR_NAME = AccentColor;
				CODE_SIGN_IDENTITY = "Apple Development";
				CODE_SIGN_STYLE = Automatic;
				CURRENT_PROJECT_VERSION = 1;
				DEVELOPMENT_ASSET_PATHS = "";
				DEVELOPMENT_TEAM = 92HC8QB62Z;
				GENERATE_INFOPLIST_FILE = YES;
				INFOPLIST_KEY_CFBundleDisplayName = RoboSight;
				INFOPLIST_KEY_LSApplicationCategoryType = "public.app-category.utilities";
				INFOPLIST_KEY_NSLocalNetworkUsageDescription = "RoboSight connects to ROS 2 over the local network.";
				INFOPLIST_KEY_NSCameraUsageDescription = "RoboSight uses the device camera and LiDAR through ARKit for sensor streaming.";
				INFOPLIST_KEY_UIApplicationSceneManifest_Generation = YES;
				INFOPLIST_KEY_UIApplicationSupportsIndirectInputEvents = YES;
				INFOPLIST_KEY_UILaunchScreen_Generation = YES;
				INFOPLIST_KEY_UISupportedInterfaceOrientations = "UIInterfaceOrientationPortrait UIInterfaceOrientationLandscapeLeft UIInterfaceOrientationLandscapeRight";
				INFOPLIST_KEY_UISupportedInterfaceOrientations_iPad = "UIInterfaceOrientationPortrait UIInterfaceOrientationPortraitUpsideDown UIInterfaceOrientationLandscapeLeft UIInterfaceOrientationLandscapeRight";
				IPHONEOS_DEPLOYMENT_TARGET = 16.0;
				LD_RUNPATH_SEARCH_PATHS = (
					"$(inherited)",
					"@executable_path/Frameworks",
				);
				MARKETING_VERSION = 1.0;
				PRODUCT_BUNDLE_IDENTIFIER = com.avery.robosight;
				PRODUCT_NAME = "$(TARGET_NAME)";
				SUPPORTED_PLATFORMS = "iphoneos iphonesimulator";
				SUPPORTS_MACCATALYST = NO;
				SUPPORTS_MAC_DESIGNED_FOR_IPHONE_IPAD = NO;
				SWIFT_EMIT_LOC_STRINGS = YES;
				SWIFT_VERSION = 5.0;
				TARGETED_DEVICE_FAMILY = "1,2";
			};
			name = Release;
		};
/* End XCBuildConfiguration section */

/* Begin XCConfigurationList section */
		2A8F1D812C0B000100000001 /* Build configuration list for PBXProject "RoboSight" */ = {
			isa = XCConfigurationList;
			buildConfigurations = (
				2A8F1D922C0B000100000001 /* Debug */,
				2A8F1D932C0B000100000001 /* Release */,
			);
			defaultConfigurationIsVisible = 0;
			defaultConfigurationName = Release;
		};
		2A8F1D912C0B000100000001 /* Build configuration list for PBXNativeTarget "RoboSight" */ = {
			isa = XCConfigurationList;
			buildConfigurations = (
				2A8F1D942C0B000100000001 /* Debug */,
				2A8F1D952C0B000100000001 /* Release */,
			);
			defaultConfigurationIsVisible = 0;
			defaultConfigurationName = Release;
		};
/* End XCConfigurationList section */

/* Begin XCRemoteSwiftPackageReference section */
		2A8F1DAB2C0B000100000001 /* XCRemoteSwiftPackageReference "swift-ros2" */ = {
			isa = XCRemoteSwiftPackageReference;
			repositoryURL = "https://github.com/youtalk/swift-ros2.git";
			requirement = {
				kind = exactVersion;
				version = 1.1.1;
			};
		};
/* End XCRemoteSwiftPackageReference section */

/* Begin XCSwiftPackageProductDependency section */
		2A8F1DAC2C0B000100000001 /* SwiftROS2 */ = {
			isa = XCSwiftPackageProductDependency;
			package = 2A8F1DAB2C0B000100000001 /* XCRemoteSwiftPackageReference "swift-ros2" */;
			productName = SwiftROS2;
		};
/* End XCSwiftPackageProductDependency section */
	};
	rootObject = 2A8F1D7E2C0B000100000001 /* Project object */;
}
